
Microsoft Visual Studio Solution File, Format Version 12.00
# Visual Studio Version 17
VisualStudioVersion = 17.0.32014.148
MinimumVisualStudioVersion = 10.0.40219.1
Project("{FAE04EC0-301F-11D3-BF4B-00C04F79EFBC}") = "Encryptor", "Encryptor\Encryptor.csproj", "{B57294B0-89F3-48EB-84D0-9EB2682C990C}"
EndProject
Global
	GlobalSection(SolutionConfigurationPlatforms) = preSolution
		Debug|Any CPU = Debug|Any CPU
		Release|Any CPU = Release|Any CPU
	EndGlobalSection
	GlobalSection(ProjectConfigurationPlatforms) = postSolution
		{B57294B0-89F3-48EB-84D0-9EB2682C990C}.Debug|Any CPU.ActiveCfg = Debug|Any CPU
		{B57294B0-89F3-48EB-84D0-9EB2682C990C}.Debug|Any CPU.Build.0 = Debug|Any CPU
		{B57294B0-89F3-48EB-84D0-9EB2682C990C}.Release|Any CPU.ActiveCfg = Release|Any CPU
		{B57294B0-89F3-48EB-84D0-9EB2682C990C}.Release|Any CPU.Build.0 = Release|Any CPU
	EndGlobalSection
	GlobalSection(SolutionProperties) = preSolution
		HideSolutionNode = FALSE
	EndGlobalSection
	GlobalSection(ExtensibilityGlobals) = postSolution
		SolutionGuid = {16365575-0607-4114-9583-8FF3E29CEE67}
	EndGlobalSection
EndGlobal
